{
    "_readme": [
        "This file locks the dependencies of your project to a known state",
        "Read more about it at http://getcomposer.org/doc/01-basic-usage.md#composer-lock-the-lock-file"
    ],
    "hash": "c04af88d16691578f8f0581313f8f533",
    "packages": [
        {
            "name": "dg/ftp-deployment",
            "version": "dev-master",
            "source": {
                "type": "git",
                "url": "https://github.com/dg/ftp-deployment.git",
                "reference": "a638547a85a806c36543044777d2fed25cd4c288"
            },
            "dist": {
                "type": "zip",
                "url": "https://api.github.com/repos/dg/ftp-deployment/zipball/a638547a85a806c36543044777d2fed25cd4c288",
                "reference": "a638547a85a806c36543044777d2fed25cd4c288",
                "shasum": ""
            },
            "type": "tool",
            "notification-url": "https://packagist.org/downloads/",
            "license": [
                "BSD-3-Clause",
                "GPL-2.0",
                "GPL-3.0"
            ],
            "authors": [
                {
                    "name": "David Grudl",
                    "homepage": "http://davidgrudl.com"
                }
            ],
            "description": "A tool for automated deployment of web applications to an FTP server.",
            "homepage": "https://github.com/dg/ftp-deployment",
            "keywords": [
                "deployment",
                "ftp"
            ],
            "time": "2013-08-07 10:56:51"
        },
        {
            "name": "nette/nette",
            "version": "v2.0.12",
            "source": {
                "type": "git",
                "url": "https://github.com/nette/nette.git",
                "reference": "v2.0.12"
            },
            "dist": {
                "type": "zip",
                "url": "https://api.github.com/repos/nette/nette/zipball/v2.0.12",
                "reference": "v2.0.12",
                "shasum": ""
            },
            "require": {
                "ext-iconv": "*",
                "ext-tokenizer": "*",
                "php": ">=5.3.0"
            },
            "require-dev": {
                "nette/tester": "0.9.*"
            },
            "suggest": {
                "ext-fileinfo": "*",
                "ext-gd": "*",
                "ext-mbstring": "*",
                "ext-memcache": "*",
                "ext-pdo": "*"
            },
            "type": "library",
            "extra": {
                "branch-alias": {
                    "dev-master": "2.1-dev"
                }
            },
            "autoload": {
                "files": [
                    "Nette/loader.php"
                ]
            },
            "notification-url": "https://packagist.org/downloads/",
            "license": [
                "BSD-3-Clause",
                "GPL-2.0",
                "GPL-3.0"
            ],
            "authors": [
                {
                    "name": "David Grudl",
                    "homepage": "http://davidgrudl.com"
                },
                {
                    "name": "Nette Community",
                    "homepage": "http://nette.org/contributors"
                }
            ],
            "description": "Nette Framework - innovative framework for fast and easy development of secured web applications in PHP. Write less, have cleaner code and your work will bring you joy.",
            "homepage": "http://nette.org",
            "keywords": [
                "Forms",
                "database",
                "dbal",
                "debugging",
                "framework",
                "images",
                "latte",
                "mailing",
                "micro",
                "mvc",
                "neon",
                "templating"
            ],
            "time": "2013-08-07 23:14:19"
        },
        {
            "name": "voda/date-input",
            "version": "dev-master",
            "source": {
                "type": "git",
                "url": "https://github.com/voda/DateInput.git",
                "reference": "f2baf450d38eb53aa22a5dce055e46273e548e09"
            },
            "dist": {
                "type": "zip",
                "url": "https://api.github.com/repos/voda/DateInput/zipball/f2baf450d38eb53aa22a5dce055e46273e548e09",
                "reference": "f2baf450d38eb53aa22a5dce055e46273e548e09",
                "shasum": ""
            },
            "require": {
                "nette/nette": "2.*",
                "php": ">=5.3.0"
            },
            "type": "library",
            "autoload": {
                "psr-0": {
                    "Vodacek\\Forms\\Controls\\DateInput": ""
                }
            },
            "notification-url": "https://packagist.org/downloads/",
            "license": [
                "BSD-3-Clause"
            ],
            "authors": [
                {
                    "name": "Ondřej Vodáček",
                    "email": "ondrej.vodacek@gmail.com"
                }
            ],
            "description": "HTML 5 compatible date / time input field for Nette.",
            "keywords": [
                "calendar",
                "date",
                "form",
                "input",
                "nette"
            ],
            "time": "2013-05-14 16:06:47"
        }
    ],
    "packages-dev": [

    ],
    "aliases": [

    ],
    "minimum-stability": "stable",
    "stability-flags": {
        "voda/date-input": 20,
        "dg/ftp-deployment": 20
    },
    "platform": {
        "php": ">= 5.3.0"
    },
    "platform-dev": [

    ]
}
